# This file is generated by running "yarn install" inside your project.
# Manual changes might be lost - proceed with caution!

__metadata:
  version: 8
  cacheKey: 10c0

"@huxn-ds/foundation@workspace:^, @huxn-ds/foundation@workspace:packages/foundation":
  version: 0.0.0-use.local
  resolution: "@huxn-ds/foundation@workspace:packages/foundation"
  languageName: unknown
  linkType: soft

"@huxn-ds/react@workspace:^, @huxn-ds/react@workspace:packages/react":
  version: 0.0.0-use.local
  resolution: "@huxn-ds/react@workspace:packages/react"
  dependencies:
    "@huxn-ds/foundation": "workspace:^"
    typescript: "npm:4.7.2"
  languageName: unknown
  linkType: soft

"@huxn-ds/storybook@workspace:packages/storybook":
  version: 0.0.0-use.local
  resolution: "@huxn-ds/storybook@workspace:packages/storybook"
  dependencies:
    "@huxn-ds/foundation": "workspace:^"
    "@huxn-ds/react": "workspace:^"
    typescript: "npm:^5.7.3"
  languageName: unknown
  linkType: soft

"root-workspace-0b6124@workspace:.":
  version: 0.0.0-use.local
  resolution: "root-workspace-0b6124@workspace:."
  dependencies:
    typescript: "npm:^5.7.3"
  languageName: unknown
  linkType: soft

"typescript@npm:4.7.2":
  version: 4.7.2
  resolution: "typescript@npm:4.7.2"
  bin:
    tsc: bin/tsc
    tsserver: bin/tsserver
  checksum: 10c0/c458df58a52f1cb1c954109dbc3477abfeb632644bc6552a9ac2152bce86e377afe11bf661466926bc4dcdc945f1e053d492c347ae377f1cba7051226b930ea3
  languageName: node
  linkType: hard

"typescript@npm:^5.7.3":
  version: 5.7.3
  resolution: "typescript@npm:5.7.3"
  bin:
    tsc: bin/tsc
    tsserver: bin/tsserver
  checksum: 10c0/b7580d716cf1824736cc6e628ab4cd8b51877408ba2be0869d2866da35ef8366dd6ae9eb9d0851470a39be17cbd61df1126f9e211d8799d764ea7431d5435afa
  languageName: node
  linkType: hard

"typescript@patch:typescript@npm%3A4.7.2#optional!builtin<compat/typescript>":
  version: 4.7.2
  resolution: "typescript@patch:typescript@npm%3A4.7.2#optional!builtin<compat/typescript>::version=4.7.2&hash=65a307"
  bin:
    tsc: bin/tsc
    tsserver: bin/tsserver
  checksum: 10c0/f454730aef4a8cef2ad5650ce769f38ed4460583fe5867d4f93592282afdbd9b5142b75d448b647e4984edf23575ac1f2adafb2db8614f253f700721d3eb439a
  languageName: node
  linkType: hard

"typescript@patch:typescript@npm%3A^5.7.3#optional!builtin<compat/typescript>":
  version: 5.7.3
  resolution: "typescript@patch:typescript@npm%3A5.7.3#optional!builtin<compat/typescript>::version=5.7.3&hash=5786d5"
  bin:
    tsc: bin/tsc
    tsserver: bin/tsserver
  checksum: 10c0/6fd7e0ed3bf23a81246878c613423730c40e8bdbfec4c6e4d7bf1b847cbb39076e56ad5f50aa9d7ebd89877999abaee216002d3f2818885e41c907caaa192cc4
  languageName: node
  linkType: hard
