# This file is generated by running "yarn install" inside your project.
# Manual changes might be lost - proceed with caution!

__metadata:
  version: 8
  cacheKey: 10c0

"@huxn-ds/foundation@workspace:^, @huxn-ds/foundation@workspace:packages/foundation":
  version: 0.0.0-use.local
  resolution: "@huxn-ds/foundation@workspace:packages/foundation"
  languageName: unknown
  linkType: soft

"@huxn-ds/react@workspace:^, @huxn-ds/react@workspace:packages/react":
  version: 0.0.0-use.local
  resolution: "@huxn-ds/react@workspace:packages/react"
  dependencies:
    "@huxn-ds/foundation": "workspace:^"
  languageName: unknown
  linkType: soft

"@huxn-ds/storybook@workspace:packages/storybook":
  version: 0.0.0-use.local
  resolution: "@huxn-ds/storybook@workspace:packages/storybook"
  dependencies:
    "@huxn-ds/foundation": "workspace:^"
    "@huxn-ds/react": "workspace:^"
  languageName: unknown
  linkType: soft

"root-workspace-0b6124@workspace:.":
  version: 0.0.0-use.local
  resolution: "root-workspace-0b6124@workspace:."
  languageName: unknown
  linkType: soft
